
Microsoft Visual Studio Solution File, Format Version 12.00
# Visual Studio Version 17
VisualStudioVersion = 17.7.34031.279
MinimumVisualStudioVersion = 10.0.40219.1
Project("{9A19103F-16F7-4668-BE54-9A1E7A4F7556}") = "AdministracionHL", "AdministracionHL\AdministracionHL.csproj", "{F041AFE6-FA1E-446A-941F-816F009E860E}"
EndProject
Global
	GlobalSection(SolutionConfigurationPlatforms) = preSolution
		Debug|Any CPU = Debug|Any CPU
		Release|Any CPU = Release|Any CPU
	EndGlobalSection
	GlobalSection(ProjectConfigurationPlatforms) = postSolution
		{F041AFE6-FA1E-446A-941F-816F009E860E}.Debug|Any CPU.ActiveCfg = Debug|Any CPU
		{F041AFE6-FA1E-446A-941F-816F009E860E}.Debug|Any CPU.Build.0 = Debug|Any CPU
		{F041AFE6-FA1E-446A-941F-816F009E860E}.Release|Any CPU.ActiveCfg = Release|Any CPU
		{F041AFE6-FA1E-446A-941F-816F009E860E}.Release|Any CPU.Build.0 = Release|Any CPU
	EndGlobalSection
	GlobalSection(SolutionProperties) = preSolution
		HideSolutionNode = FALSE
	EndGlobalSection
	GlobalSection(ExtensibilityGlobals) = postSolution
		SolutionGuid = {605BBF5B-693E-4B2B-991B-83E8D3E7574A}
	EndGlobalSection
EndGlobal
